
Microsoft Visual Studio Solution File, Format Version 12.00
# Visual Studio Version 17
VisualStudioVersion = 17.8.34525.116
MinimumVisualStudioVersion = 10.0.40219.1
Project("{8BC9CEB8-8B4A-11D0-8D11-00A0C91BC942}") = "src", "src.vcxproj", "{B81A40C9-1210-4970-BF62-F8FF2E69F822}"
EndProject
Global
	GlobalSection(SolutionConfigurationPlatforms) = preSolution
		Debug|x64 = Debug|x64
		Debug|x86 = Debug|x86
		Release|x64 = Release|x64
		Release|x86 = Release|x86
	EndGlobalSection
	GlobalSection(ProjectConfigurationPlatforms) = postSolution
		{B81A40C9-1210-4970-BF62-F8FF2E69F822}.Debug|x64.ActiveCfg = Debug|x64
		{B81A40C9-1210-4970-BF62-F8FF2E69F822}.Debug|x64.Build.0 = Debug|x64
		{B81A40C9-1210-4970-BF62-F8FF2E69F822}.Debug|x86.ActiveCfg = Debug|Win32
		{B81A40C9-1210-4970-BF62-F8FF2E69F822}.Debug|x86.Build.0 = Debug|Win32
		{B81A40C9-1210-4970-BF62-F8FF2E69F822}.Release|x64.ActiveCfg = Release|x64
		{B81A40C9-1210-4970-BF62-F8FF2E69F822}.Release|x64.Build.0 = Release|x64
		{B81A40C9-1210-4970-BF62-F8FF2E69F822}.Release|x86.ActiveCfg = Release|Win32
		{B81A40C9-1210-4970-BF62-F8FF2E69F822}.Release|x86.Build.0 = Release|Win32
	EndGlobalSection
	GlobalSection(SolutionProperties) = preSolution
		HideSolutionNode = FALSE
	EndGlobalSection
	GlobalSection(ExtensibilityGlobals) = postSolution
		SolutionGuid = {477470B6-4675-4661-B227-87F1A5E2237A}
	EndGlobalSection
EndGlobal
